{
  "nodes": {
    "hyprland": {
      "inputs": {
        "hyprland-protocols": "hyprland-protocols",
        "nixpkgs": [
          "nixpkgs"
        ],
        "wlroots": "wlroots",
        "xdph": "xdph"
      },
      "locked": {
        "lastModified": 1681677208,
        "narHash": "sha256-R9b2/SZfkxuv54YDo4FUp65wgLREQ4gfYxfJ9mSMTno=",
        "owner": "vaxerski",
        "repo": "Hyprland",
        "rev": "c62ab1bee72cc4bda16a0574a8c9de7d71da314a",
        "type": "github"
      },
      "original": {
        "owner": "vaxerski",
        "repo": "Hyprland",
        "type": "github"
      }
    },
    "hyprland-protocols": {
      "inputs": {
        "nixpkgs": [
          "hyprland",
          "nixpkgs"
        ]
      },
      "locked": {
        "lastModified": 1681065697,
        "narHash": "sha256-QPzwwlGKX95tl6ZEshboZbEwwAXww6lNLdVYd6T9Mrc=",
        "owner": "hyprwm",
        "repo": "hyprland-protocols",
        "rev": "4d29e48433270a2af06b8bc711ca1fe5109746cd",
        "type": "github"
      },
      "original": {
        "owner": "hyprwm",
        "repo": "hyprland-protocols",
        "type": "github"
      }
    },
    "nixpkgs": {
      "locked": {
        "lastModified": 1681642985,
        "narHash": "sha256-u+I9zIScRdW092/F2T8NXF0EBS+Z3G5Gkg19yH0ei/Y=",
        "owner": "NixOS",
        "repo": "nixpkgs",
        "rev": "84d94e1a502e21cbf185ef39c998c6c21ce51a87",
        "type": "github"
      },
      "original": {
        "owner": "NixOS",
        "ref": "nixpkgs-22.11-darwin",
        "repo": "nixpkgs",
        "type": "github"
      }
    },
    "root": {
      "inputs": {
        "hyprland": "hyprland",
        "nixpkgs": "nixpkgs"
      }
    },
    "wlroots": {
      "flake": false,
      "locked": {
        "host": "gitlab.freedesktop.org",
        "lastModified": 1680810405,
        "narHash": "sha256-LmI/4Yp/pOOoI4RxLRx9I90NBsiqdRLVOfbATKlgpkg=",
        "owner": "wlroots",
        "repo": "wlroots",
        "rev": "7abda952d0000b72d240fe1d41457b9288f0b6e5",
        "type": "gitlab"
      },
      "original": {
        "host": "gitlab.freedesktop.org",
        "owner": "wlroots",
        "repo": "wlroots",
        "type": "gitlab"
      }
    },
    "xdph": {
      "inputs": {
        "hyprland-protocols": [
          "hyprland",
          "hyprland-protocols"
        ],
        "nixpkgs": [
          "hyprland",
          "nixpkgs"
        ]
      },
      "locked": {
        "lastModified": 1681127512,
        "narHash": "sha256-vklOOhBj5W8fii6yN4L2WY5ZeifBmsq3+mJ2wC1Pk9U=",
        "owner": "hyprwm",
        "repo": "xdg-desktop-portal-hyprland",
        "rev": "04f579377a32781ce57c9cf4ba2a5bcb7f53fa97",
        "type": "github"
      },
      "original": {
        "owner": "hyprwm",
        "repo": "xdg-desktop-portal-hyprland",
        "type": "github"
      }
    }
  },
  "root": "root",
  "version": 7
}
